
Microsoft Visual Studio Solution File, Format Version 12.00
# Visual Studio Version 17
VisualStudioVersion = 17.0.31903.59
MinimumVisualStudioVersion = 10.0.40219.1
Project("{9A19103F-16F7-4668-BE54-9A1E7A4F7556}") = "DataAccess", "DataAccess\DataAccess.csproj", "{574082C6-7291-4BE9-A09C-BF994223DDAE}"
EndProject
Project("{9A19103F-16F7-4668-BE54-9A1E7A4F7556}") = "FruitManager", "FruitManager\FruitManager.csproj", "{179A2A3A-78CF-4E76-B440-471E43E77138}"
EndProject
Project("{E53339B2-1760-4266-BCC7-CA923CBCF16C}") = "docker-compose", "docker-compose.dcproj", "{B13EF847-ED7E-4DF9-A1C3-DB1B026E672D}"
EndProject
Global
	GlobalSection(SolutionConfigurationPlatforms) = preSolution
		Debug|Any CPU = Debug|Any CPU
		Release|Any CPU = Release|Any CPU
	EndGlobalSection
	GlobalSection(ProjectConfigurationPlatforms) = postSolution
		{574082C6-7291-4BE9-A09C-BF994223DDAE}.Debug|Any CPU.ActiveCfg = Debug|Any CPU
		{574082C6-7291-4BE9-A09C-BF994223DDAE}.Debug|Any CPU.Build.0 = Debug|Any CPU
		{574082C6-7291-4BE9-A09C-BF994223DDAE}.Release|Any CPU.ActiveCfg = Release|Any CPU
		{574082C6-7291-4BE9-A09C-BF994223DDAE}.Release|Any CPU.Build.0 = Release|Any CPU
		{179A2A3A-78CF-4E76-B440-471E43E77138}.Debug|Any CPU.ActiveCfg = Debug|Any CPU
		{179A2A3A-78CF-4E76-B440-471E43E77138}.Debug|Any CPU.Build.0 = Debug|Any CPU
		{179A2A3A-78CF-4E76-B440-471E43E77138}.Release|Any CPU.ActiveCfg = Release|Any CPU
		{179A2A3A-78CF-4E76-B440-471E43E77138}.Release|Any CPU.Build.0 = Release|Any CPU
		{B13EF847-ED7E-4DF9-A1C3-DB1B026E672D}.Debug|Any CPU.ActiveCfg = Debug|Any CPU
		{B13EF847-ED7E-4DF9-A1C3-DB1B026E672D}.Debug|Any CPU.Build.0 = Debug|Any CPU
		{B13EF847-ED7E-4DF9-A1C3-DB1B026E672D}.Release|Any CPU.ActiveCfg = Release|Any CPU
		{B13EF847-ED7E-4DF9-A1C3-DB1B026E672D}.Release|Any CPU.Build.0 = Release|Any CPU
	EndGlobalSection
	GlobalSection(SolutionProperties) = preSolution
		HideSolutionNode = FALSE
	EndGlobalSection
	GlobalSection(ExtensibilityGlobals) = postSolution
		SolutionGuid = {91ECE2BE-105D-4508-9E21-12F682F11387}
	EndGlobalSection
EndGlobal
